
Microsoft Visual Studio Solution File, Format Version 12.00
# Visual Studio Version 16
VisualStudioVersion = 16.0.29728.190
MinimumVisualStudioVersion = 10.0.40219.1
Project("{FAE04EC0-301F-11D3-BF4B-00C04F79EFBC}") = "Farmacia", "Farmacia\Farmacia.csproj", "{056ACB53-8A09-455F-8EC1-17BF0BAB271E}"
EndProject
Global
	GlobalSection(SolutionConfigurationPlatforms) = preSolution
		Debug|Any CPU = Debug|Any CPU
		Release|Any CPU = Release|Any CPU
	EndGlobalSection
	GlobalSection(ProjectConfigurationPlatforms) = postSolution
		{056ACB53-8A09-455F-8EC1-17BF0BAB271E}.Debug|Any CPU.ActiveCfg = Debug|Any CPU
		{056ACB53-8A09-455F-8EC1-17BF0BAB271E}.Debug|Any CPU.Build.0 = Debug|Any CPU
		{056ACB53-8A09-455F-8EC1-17BF0BAB271E}.Release|Any CPU.ActiveCfg = Release|Any CPU
		{056ACB53-8A09-455F-8EC1-17BF0BAB271E}.Release|Any CPU.Build.0 = Release|Any CPU
	EndGlobalSection
	GlobalSection(SolutionProperties) = preSolution
		HideSolutionNode = FALSE
	EndGlobalSection
	GlobalSection(ExtensibilityGlobals) = postSolution
		SolutionGuid = {8C32052E-130D-403F-8559-17A6338E8222}
	EndGlobalSection
EndGlobal
